Microsoft Visual Studio Solution File, Format Version 12.00
# Visual Studio Version 17
VisualStudioVersion = 17.14.36414.22 d17.14
MinimumVisualStudioVersion = 10.0.40219.1
Project("{FAE04EC0-301F-11D3-BF4B-00C04F79EFBC}") = "ScanDetectionAPP", "ScanDetectionAPP.csproj", "{435AD5AD-696E-471F-A675-69C8D5CEB028}"
EndProject
Global
	GlobalSection(SolutionConfigurationPlatforms) = preSolution
		Debug|Any CPU = Debug|Any CPU
		Release|Any CPU = Release|Any CPU
	EndGlobalSection
	GlobalSection(ProjectConfigurationPlatforms) = postSolution
		{435AD5AD-696E-471F-A675-69C8D5CEB028}.Debug|Any CPU.ActiveCfg = Debug|Any CPU
		{435AD5AD-696E-471F-A675-69C8D5CEB028}.Debug|Any CPU.Build.0 = Debug|Any CPU
		{435AD5AD-696E-471F-A675-69C8D5CEB028}.Release|Any CPU.ActiveCfg = Release|Any CPU
		{435AD5AD-696E-471F-A675-69C8D5CEB028}.Release|Any CPU.Build.0 = Release|Any CPU
	EndGlobalSection
	GlobalSection(SolutionProperties) = preSolution
		HideSolutionNode = FALSE
	EndGlobalSection
	GlobalSection(ExtensibilityGlobals) = postSolution
		SolutionGuid = {D2928B33-9319-4877-BAAA-1D20A542076E}
	EndGlobalSection
EndGlobal
